{
  "lockfileVersion": 1,
  "configVersion": 1,
  "workspaces": {
    "": {
      "name": "kislabin",
      "devDependencies": {
        "@types/bun": "latest",
      },
      "peerDependencies": {
        "typescript": "^5",
      },
    },
    "examples/00-http-hello": {
      "name": "@kislabin/example-http",
      "version": "0.0.1",
      "dependencies": {
        "@kislabin/core": "workspace:*",
        "@kislabin/net-http": "workspace:*",
      },
      "devDependencies": {
        "@types/bun": "latest",
        "@types/k6": "^1.6.0",
      },
      "peerDependencies": {
        "typescript": "^5",
      },
    },
    "packages/core": {
      "name": "@kislabin/core",
      "version": "0.0.1",
      "devDependencies": {
        "@types/bun": "latest",
      },
      "peerDependencies": {
        "typescript": "^5",
      },
    },
    "packages/net-http": {
      "name": "@kislabin/net-http",
      "version": "0.0.1",
      "dependencies": {
        "@kislabin/core": "workspace:*",
      },
      "devDependencies": {
        "@types/bun": "latest",
      },
      "peerDependencies": {
        "typescript": "^5",
      },
    },
  },
  "packages": {
    "@kislabin/core": ["@kislabin/core@workspace:packages/core"],

    "@kislabin/example-http": ["@kislabin/example-http@workspace:examples/00-http-hello"],

    "@kislabin/net-http": ["@kislabin/net-http@workspace:packages/net-http"],

    "@types/bun": ["@types/bun@1.3.10", "", { "dependencies": { "bun-types": "1.3.10" } }, "sha512-0+rlrUrOrTSskibryHbvQkDOWRJwJZqZlxrUs1u4oOoTln8+WIXBPmAuCF35SWB2z4Zl3E84Nl/D0P7803nigQ=="],

    "@types/k6": ["@types/k6@1.6.0", "", {}, "sha512-koixvaHqP241ymqEEgl068kkXek+LhM5YTjysI1ikKUAnmbIKbt8Lngw3nhMHmg3Cihh7viUP/WCIF+FKi4DYQ=="],

    "@types/node": ["@types/node@25.3.3", "", { "dependencies": { "undici-types": "~7.18.0" } }, "sha512-DpzbrH7wIcBaJibpKo9nnSQL0MTRdnWttGyE5haGwK86xgMOkFLp7vEyfQPGLOJh5wNYiJ3V9PmUMDhV9u8kkQ=="],

    "bun-types": ["bun-types@1.3.10", "", { "dependencies": { "@types/node": "*" } }, "sha512-tcpfCCl6XWo6nCVnpcVrxQ+9AYN1iqMIzgrSKYMB/fjLtV2eyAVEg7AxQJuCq/26R6HpKWykQXuSOq/21RYcbg=="],

    "typescript": ["typescript@5.9.3", "", { "bin": { "tsc": "bin/tsc", "tsserver": "bin/tsserver" } }, "sha512-jl1vZzPDinLr9eUt3J/t7V6FgNEw9QjvBPdysz9KfQDD41fQrC2Y4vKQdiaUpFT4bXlb1RHhLpp8wtm6M5TgSw=="],

    "undici-types": ["undici-types@7.18.2", "", {}, "sha512-AsuCzffGHJybSaRrmr5eHr81mwJU3kjw6M+uprWvCXiNeN9SOGwQ3Jn8jb8m3Z6izVgknn1R0FTCEAP2QrLY/w=="],
  }
}
